
Microsoft Visual Studio Solution File, Format Version 12.00
# Visual Studio Version 17
VisualStudioVersion = 17.0.31903.59
MinimumVisualStudioVersion = 10.0.40219.1
Project("{2150E333-8FDC-42A3-9474-1A3956D46DE8}") = "src", "src", "{827E0CD3-B72D-47B6-A68D-7590B98EB39B}"
EndProject
Project("{FAE04EC0-301F-11D3-BF4B-00C04F79EFBC}") = "CarRentalApi3.Hexagonal.Api", "src\CarRentalApi3.Hexagonal.Api\CarRentalApi3.Hexagonal.Api.csproj", "{DFF8B068-52AC-4C2E-859B-ACFA8A29DC1B}"
EndProject
Project("{FAE04EC0-301F-11D3-BF4B-00C04F79EFBC}") = "CarRentalApi3.Hexagonal.Application", "src\CarRentalApi3.Hexagonal.Application\CarRentalApi3.Hexagonal.Application.csproj", "{6860637E-596C-4034-BC95-7AB490470CAD}"
EndProject
Project("{FAE04EC0-301F-11D3-BF4B-00C04F79EFBC}") = "CarRentalApi3.Hexagonal.Domain", "src\CarRentalApi3.Hexagonal.Domain\CarRentalApi3.Hexagonal.Domain.csproj", "{28A3C5B3-9E82-4551-B3DE-3F196B20A752}"
EndProject
Project("{FAE04EC0-301F-11D3-BF4B-00C04F79EFBC}") = "CarRentalApi3.Hexagonal.Infrastructure", "src\CarRentalApi3.Hexagonal.Infrastructure\CarRentalApi3.Hexagonal.Infrastructure.csproj", "{006EA6D9-3B1F-44CA-844D-DE7ECDEAA495}"
EndProject
Project("{2150E333-8FDC-42A3-9474-1A3956D46DE8}") = "test", "test", "{0C88DD14-F956-CE84-757C-A364CCF449FC}"
EndProject
Project("{FAE04EC0-301F-11D3-BF4B-00C04F79EFBC}") = "CarRentalApi3.Hexagonal.Tests", "test\CarRentalApi3.Hexagonal.Tests\CarRentalApi3.Hexagonal.Tests.csproj", "{AFA02D99-CC99-4C26-91CD-D2FF55EE678D}"
EndProject
Project("{FAE04EC0-301F-11D3-BF4B-00C04F79EFBC}") = "CarRentalApi3.Hexagonal.Api.Tests", "test\CarRentalApi3.Hexagonal.Api.Tests\CarRentalApi3.Hexagonal.Api.Tests.csproj", "{8D4DDC3C-BA10-4FF8-997C-7CA60B9D4AA1}"
EndProject
Project("{FAE04EC0-301F-11D3-BF4B-00C04F79EFBC}") = "CarRentalApi3.Hexagonal.Domain.Tests", "test\CarRentalApi3.Hexagonal.Domain.Tests\CarRentalApi3.Hexagonal.Domain.Tests.csproj", "{AA796999-5FCC-4728-847F-7E07FB983E76}"
EndProject
Project("{FAE04EC0-301F-11D3-BF4B-00C04F79EFBC}") = "CarRentalApi3.Hexagonal.Application.Tests", "test\CarRentalApi3.Hexagonal.Application.Tests\CarRentalApi3.Hexagonal.Application.Tests.csproj", "{633544F1-53D7-4D61-922B-FC702678D8D6}"
EndProject
Project("{FAE04EC0-301F-11D3-BF4B-00C04F79EFBC}") = "CarRentalApi3.Hexagonal.Infrastructure.Tests", "test\CarRentalApi3.Hexagonal.Infrastructure.Tests\CarRentalApi3.Hexagonal.Infrastructure.Tests.csproj", "{381CE951-EE80-430C-8397-8372EF0F20D6}"
EndProject
Project("{FAE04EC0-301F-11D3-BF4B-00C04F79EFBC}") = "CarRentalApi3.Hexagonal.Application.Integration.Tests", "test\CarRentalApi3.Hexagonal.Application.Integration.Tests\CarRentalApi3.Hexagonal.Application.Integration.Tests.csproj", "{59C3D301-54F4-4732-B84C-7FEED135050C}"
EndProject
Project("{FAE04EC0-301F-11D3-BF4B-00C04F79EFBC}") = "CarRentalApi3.Hexagonal.Architecture.Tests", "test\CarRentalApi3.Hexagonal.Architecture.Tests\CarRentalApi3.Hexagonal.Architecture.Tests.csproj", "{6A35BDBC-5B09-49C8-B15E-7242423E0B39}"
EndProject
Global
	GlobalSection(SolutionConfigurationPlatforms) = preSolution
		Debug|Any CPU = Debug|Any CPU
		Debug|x64 = Debug|x64
		Debug|x86 = Debug|x86
		Release|Any CPU = Release|Any CPU
		Release|x64 = Release|x64
		Release|x86 = Release|x86
	EndGlobalSection
	GlobalSection(ProjectConfigurationPlatforms) = postSolution
		{DFF8B068-52AC-4C2E-859B-ACFA8A29DC1B}.Debug|Any CPU.ActiveCfg = Debug|Any CPU
		{DFF8B068-52AC-4C2E-859B-ACFA8A29DC1B}.Debug|Any CPU.Build.0 = Debug|Any CPU
		{DFF8B068-52AC-4C2E-859B-ACFA8A29DC1B}.Debug|x64.ActiveCfg = Debug|Any CPU
		{DFF8B068-52AC-4C2E-859B-ACFA8A29DC1B}.Debug|x64.Build.0 = Debug|Any CPU
		{DFF8B068-52AC-4C2E-859B-ACFA8A29DC1B}.Debug|x86.ActiveCfg = Debug|Any CPU
		{DFF8B068-52AC-4C2E-859B-ACFA8A29DC1B}.Debug|x86.Build.0 = Debug|Any CPU
		{DFF8B068-52AC-4C2E-859B-ACFA8A29DC1B}.Release|Any CPU.ActiveCfg = Release|Any CPU
		{DFF8B068-52AC-4C2E-859B-ACFA8A29DC1B}.Release|Any CPU.Build.0 = Release|Any CPU
		{DFF8B068-52AC-4C2E-859B-ACFA8A29DC1B}.Release|x64.ActiveCfg = Release|Any CPU
		{DFF8B068-52AC-4C2E-859B-ACFA8A29DC1B}.Release|x64.Build.0 = Release|Any CPU
		{DFF8B068-52AC-4C2E-859B-ACFA8A29DC1B}.Release|x86.ActiveCfg = Release|Any CPU
		{DFF8B068-52AC-4C2E-859B-ACFA8A29DC1B}.Release|x86.Build.0 = Release|Any CPU
		{6860637E-596C-4034-BC95-7AB490470CAD}.Debug|Any CPU.ActiveCfg = Debug|Any CPU
		{6860637E-596C-4034-BC95-7AB490470CAD}.Debug|Any CPU.Build.0 = Debug|Any CPU
		{6860637E-596C-4034-BC95-7AB490470CAD}.Debug|x64.ActiveCfg = Debug|Any CPU
		{6860637E-596C-4034-BC95-7AB490470CAD}.Debug|x64.Build.0 = Debug|Any CPU
		{6860637E-596C-4034-BC95-7AB490470CAD}.Debug|x86.ActiveCfg = Debug|Any CPU
		{6860637E-596C-4034-BC95-7AB490470CAD}.Debug|x86.Build.0 = Debug|Any CPU
		{6860637E-596C-4034-BC95-7AB490470CAD}.Release|Any CPU.ActiveCfg = Release|Any CPU
		{6860637E-596C-4034-BC95-7AB490470CAD}.Release|Any CPU.Build.0 = Release|Any CPU
		{6860637E-596C-4034-BC95-7AB490470CAD}.Release|x64.ActiveCfg = Release|Any CPU
		{6860637E-596C-4034-BC95-7AB490470CAD}.Release|x64.Build.0 = Release|Any CPU
		{6860637E-596C-4034-BC95-7AB490470CAD}.Release|x86.ActiveCfg = Release|Any CPU
		{6860637E-596C-4034-BC95-7AB490470CAD}.Release|x86.Build.0 = Release|Any CPU
		{28A3C5B3-9E82-4551-B3DE-3F196B20A752}.Debug|Any CPU.ActiveCfg = Debug|Any CPU
		{28A3C5B3-9E82-4551-B3DE-3F196B20A752}.Debug|Any CPU.Build.0 = Debug|Any CPU
		{28A3C5B3-9E82-4551-B3DE-3F196B20A752}.Debug|x64.ActiveCfg = Debug|Any CPU
		{28A3C5B3-9E82-4551-B3DE-3F196B20A752}.Debug|x64.Build.0 = Debug|Any CPU
		{28A3C5B3-9E82-4551-B3DE-3F196B20A752}.Debug|x86.ActiveCfg = Debug|Any CPU
		{28A3C5B3-9E82-4551-B3DE-3F196B20A752}.Debug|x86.Build.0 = Debug|Any CPU
		{28A3C5B3-9E82-4551-B3DE-3F196B20A752}.Release|Any CPU.ActiveCfg = Release|Any CPU
		{28A3C5B3-9E82-4551-B3DE-3F196B20A752}.Release|Any CPU.Build.0 = Release|Any CPU
		{28A3C5B3-9E82-4551-B3DE-3F196B20A752}.Release|x64.ActiveCfg = Release|Any CPU
		{28A3C5B3-9E82-4551-B3DE-3F196B20A752}.Release|x64.Build.0 = Release|Any CPU
		{28A3C5B3-9E82-4551-B3DE-3F196B20A752}.Release|x86.ActiveCfg = Release|Any CPU
		{28A3C5B3-9E82-4551-B3DE-3F196B20A752}.Release|x86.Build.0 = Release|Any CPU
		{006EA6D9-3B1F-44CA-844D-DE7ECDEAA495}.Debug|Any CPU.ActiveCfg = Debug|Any CPU
		{006EA6D9-3B1F-44CA-844D-DE7ECDEAA495}.Debug|Any CPU.Build.0 = Debug|Any CPU
		{006EA6D9-3B1F-44CA-844D-DE7ECDEAA495}.Debug|x64.ActiveCfg = Debug|Any CPU
		{006EA6D9-3B1F-44CA-844D-DE7ECDEAA495}.Debug|x64.Build.0 = Debug|Any CPU
		{006EA6D9-3B1F-44CA-844D-DE7ECDEAA495}.Debug|x86.ActiveCfg = Debug|Any CPU
		{006EA6D9-3B1F-44CA-844D-DE7ECDEAA495}.Debug|x86.Build.0 = Debug|Any CPU
		{006EA6D9-3B1F-44CA-844D-DE7ECDEAA495}.Release|Any CPU.ActiveCfg = Release|Any CPU
		{006EA6D9-3B1F-44CA-844D-DE7ECDEAA495}.Release|Any CPU.Build.0 = Release|Any CPU
		{006EA6D9-3B1F-44CA-844D-DE7ECDEAA495}.Release|x64.ActiveCfg = Release|Any CPU
		{006EA6D9-3B1F-44CA-844D-DE7ECDEAA495}.Release|x64.Build.0 = Release|Any CPU
		{006EA6D9-3B1F-44CA-844D-DE7ECDEAA495}.Release|x86.ActiveCfg = Release|Any CPU
		{006EA6D9-3B1F-44CA-844D-DE7ECDEAA495}.Release|x86.Build.0 = Release|Any CPU
		{AFA02D99-CC99-4C26-91CD-D2FF55EE678D}.Debug|Any CPU.ActiveCfg = Debug|Any CPU
		{AFA02D99-CC99-4C26-91CD-D2FF55EE678D}.Debug|Any CPU.Build.0 = Debug|Any CPU
		{AFA02D99-CC99-4C26-91CD-D2FF55EE678D}.Debug|x64.ActiveCfg = Debug|Any CPU
		{AFA02D99-CC99-4C26-91CD-D2FF55EE678D}.Debug|x64.Build.0 = Debug|Any CPU
		{AFA02D99-CC99-4C26-91CD-D2FF55EE678D}.Debug|x86.ActiveCfg = Debug|Any CPU
		{AFA02D99-CC99-4C26-91CD-D2FF55EE678D}.Debug|x86.Build.0 = Debug|Any CPU
		{AFA02D99-CC99-4C26-91CD-D2FF55EE678D}.Release|Any CPU.ActiveCfg = Release|Any CPU
		{AFA02D99-CC99-4C26-91CD-D2FF55EE678D}.Release|Any CPU.Build.0 = Release|Any CPU
		{AFA02D99-CC99-4C26-91CD-D2FF55EE678D}.Release|x64.ActiveCfg = Release|Any CPU
		{AFA02D99-CC99-4C26-91CD-D2FF55EE678D}.Release|x64.Build.0 = Release|Any CPU
		{AFA02D99-CC99-4C26-91CD-D2FF55EE678D}.Release|x86.ActiveCfg = Release|Any CPU
		{AFA02D99-CC99-4C26-91CD-D2FF55EE678D}.Release|x86.Build.0 = Release|Any CPU
		{8D4DDC3C-BA10-4FF8-997C-7CA60B9D4AA1}.Debug|Any CPU.ActiveCfg = Debug|Any CPU
		{8D4DDC3C-BA10-4FF8-997C-7CA60B9D4AA1}.Debug|Any CPU.Build.0 = Debug|Any CPU
		{8D4DDC3C-BA10-4FF8-997C-7CA60B9D4AA1}.Debug|x64.ActiveCfg = Debug|Any CPU
		{8D4DDC3C-BA10-4FF8-997C-7CA60B9D4AA1}.Debug|x64.Build.0 = Debug|Any CPU
		{8D4DDC3C-BA10-4FF8-997C-7CA60B9D4AA1}.Debug|x86.ActiveCfg = Debug|Any CPU
		{8D4DDC3C-BA10-4FF8-997C-7CA60B9D4AA1}.Debug|x86.Build.0 = Debug|Any CPU
		{8D4DDC3C-BA10-4FF8-997C-7CA60B9D4AA1}.Release|Any CPU.ActiveCfg = Release|Any CPU
		{8D4DDC3C-BA10-4FF8-997C-7CA60B9D4AA1}.Release|Any CPU.Build.0 = Release|Any CPU
		{8D4DDC3C-BA10-4FF8-997C-7CA60B9D4AA1}.Release|x64.ActiveCfg = Release|Any CPU
		{8D4DDC3C-BA10-4FF8-997C-7CA60B9D4AA1}.Release|x64.Build.0 = Release|Any CPU
		{8D4DDC3C-BA10-4FF8-997C-7CA60B9D4AA1}.Release|x86.ActiveCfg = Release|Any CPU
		{8D4DDC3C-BA10-4FF8-997C-7CA60B9D4AA1}.Release|x86.Build.0 = Release|Any CPU
		{AA796999-5FCC-4728-847F-7E07FB983E76}.Debug|Any CPU.ActiveCfg = Debug|Any CPU
		{AA796999-5FCC-4728-847F-7E07FB983E76}.Debug|Any CPU.Build.0 = Debug|Any CPU
		{AA796999-5FCC-4728-847F-7E07FB983E76}.Debug|x64.ActiveCfg = Debug|Any CPU
		{AA796999-5FCC-4728-847F-7E07FB983E76}.Debug|x64.Build.0 = Debug|Any CPU
		{AA796999-5FCC-4728-847F-7E07FB983E76}.Debug|x86.ActiveCfg = Debug|Any CPU
		{AA796999-5FCC-4728-847F-7E07FB983E76}.Debug|x86.Build.0 = Debug|Any CPU
		{AA796999-5FCC-4728-847F-7E07FB983E76}.Release|Any CPU.ActiveCfg = Release|Any CPU
		{AA796999-5FCC-4728-847F-7E07FB983E76}.Release|Any CPU.Build.0 = Release|Any CPU
		{AA796999-5FCC-4728-847F-7E07FB983E76}.Release|x64.ActiveCfg = Release|Any CPU
		{AA796999-5FCC-4728-847F-7E07FB983E76}.Release|x64.Build.0 = Release|Any CPU
		{AA796999-5FCC-4728-847F-7E07FB983E76}.Release|x86.ActiveCfg = Release|Any CPU
		{AA796999-5FCC-4728-847F-7E07FB983E76}.Release|x86.Build.0 = Release|Any CPU
		{633544F1-53D7-4D61-922B-FC702678D8D6}.Debug|Any CPU.ActiveCfg = Debug|Any CPU
		{633544F1-53D7-4D61-922B-FC702678D8D6}.Debug|Any CPU.Build.0 = Debug|Any CPU
		{633544F1-53D7-4D61-922B-FC702678D8D6}.Debug|x64.ActiveCfg = Debug|Any CPU
		{633544F1-53D7-4D61-922B-FC702678D8D6}.Debug|x64.Build.0 = Debug|Any CPU
		{633544F1-53D7-4D61-922B-FC702678D8D6}.Debug|x86.ActiveCfg = Debug|Any CPU
		{633544F1-53D7-4D61-922B-FC702678D8D6}.Debug|x86.Build.0 = Debug|Any CPU
		{633544F1-53D7-4D61-922B-FC702678D8D6}.Release|Any CPU.ActiveCfg = Release|Any CPU
		{633544F1-53D7-4D61-922B-FC702678D8D6}.Release|Any CPU.Build.0 = Release|Any CPU
		{633544F1-53D7-4D61-922B-FC702678D8D6}.Release|x64.ActiveCfg = Release|Any CPU
		{633544F1-53D7-4D61-922B-FC702678D8D6}.Release|x64.Build.0 = Release|Any CPU
		{633544F1-53D7-4D61-922B-FC702678D8D6}.Release|x86.ActiveCfg = Release|Any CPU
		{633544F1-53D7-4D61-922B-FC702678D8D6}.Release|x86.Build.0 = Release|Any CPU
		{381CE951-EE80-430C-8397-8372EF0F20D6}.Debug|Any CPU.ActiveCfg = Debug|Any CPU
		{381CE951-EE80-430C-8397-8372EF0F20D6}.Debug|Any CPU.Build.0 = Debug|Any CPU
		{381CE951-EE80-430C-8397-8372EF0F20D6}.Debug|x64.ActiveCfg = Debug|Any CPU
		{381CE951-EE80-430C-8397-8372EF0F20D6}.Debug|x64.Build.0 = Debug|Any CPU
		{381CE951-EE80-430C-8397-8372EF0F20D6}.Debug|x86.ActiveCfg = Debug|Any CPU
		{381CE951-EE80-430C-8397-8372EF0F20D6}.Debug|x86.Build.0 = Debug|Any CPU
		{381CE951-EE80-430C-8397-8372EF0F20D6}.Release|Any CPU.ActiveCfg = Release|Any CPU
		{381CE951-EE80-430C-8397-8372EF0F20D6}.Release|Any CPU.Build.0 = Release|Any CPU
		{381CE951-EE80-430C-8397-8372EF0F20D6}.Release|x64.ActiveCfg = Release|Any CPU
		{381CE951-EE80-430C-8397-8372EF0F20D6}.Release|x64.Build.0 = Release|Any CPU
		{381CE951-EE80-430C-8397-8372EF0F20D6}.Release|x86.ActiveCfg = Release|Any CPU
		{381CE951-EE80-430C-8397-8372EF0F20D6}.Release|x86.Build.0 = Release|Any CPU
		{59C3D301-54F4-4732-B84C-7FEED135050C}.Debug|Any CPU.ActiveCfg = Debug|Any CPU
		{59C3D301-54F4-4732-B84C-7FEED135050C}.Debug|Any CPU.Build.0 = Debug|Any CPU
		{59C3D301-54F4-4732-B84C-7FEED135050C}.Debug|x64.ActiveCfg = Debug|Any CPU
		{59C3D301-54F4-4732-B84C-7FEED135050C}.Debug|x64.Build.0 = Debug|Any CPU
		{59C3D301-54F4-4732-B84C-7FEED135050C}.Debug|x86.ActiveCfg = Debug|Any CPU
		{59C3D301-54F4-4732-B84C-7FEED135050C}.Debug|x86.Build.0 = Debug|Any CPU
		{59C3D301-54F4-4732-B84C-7FEED135050C}.Release|Any CPU.ActiveCfg = Release|Any CPU
		{59C3D301-54F4-4732-B84C-7FEED135050C}.Release|Any CPU.Build.0 = Release|Any CPU
		{59C3D301-54F4-4732-B84C-7FEED135050C}.Release|x64.ActiveCfg = Release|Any CPU
		{59C3D301-54F4-4732-B84C-7FEED135050C}.Release|x64.Build.0 = Release|Any CPU
		{59C3D301-54F4-4732-B84C-7FEED135050C}.Release|x86.ActiveCfg = Release|Any CPU
		{59C3D301-54F4-4732-B84C-7FEED135050C}.Release|x86.Build.0 = Release|Any CPU
		{6A35BDBC-5B09-49C8-B15E-7242423E0B39}.Debug|Any CPU.ActiveCfg = Debug|Any CPU
		{6A35BDBC-5B09-49C8-B15E-7242423E0B39}.Debug|Any CPU.Build.0 = Debug|Any CPU
		{6A35BDBC-5B09-49C8-B15E-7242423E0B39}.Debug|x64.ActiveCfg = Debug|Any CPU
		{6A35BDBC-5B09-49C8-B15E-7242423E0B39}.Debug|x64.Build.0 = Debug|Any CPU
		{6A35BDBC-5B09-49C8-B15E-7242423E0B39}.Debug|x86.ActiveCfg = Debug|Any CPU
		{6A35BDBC-5B09-49C8-B15E-7242423E0B39}.Debug|x86.Build.0 = Debug|Any CPU
		{6A35BDBC-5B09-49C8-B15E-7242423E0B39}.Release|Any CPU.ActiveCfg = Release|Any CPU
		{6A35BDBC-5B09-49C8-B15E-7242423E0B39}.Release|Any CPU.Build.0 = Release|Any CPU
		{6A35BDBC-5B09-49C8-B15E-7242423E0B39}.Release|x64.ActiveCfg = Release|Any CPU
		{6A35BDBC-5B09-49C8-B15E-7242423E0B39}.Release|x64.Build.0 = Release|Any CPU
		{6A35BDBC-5B09-49C8-B15E-7242423E0B39}.Release|x86.ActiveCfg = Release|Any CPU
		{6A35BDBC-5B09-49C8-B15E-7242423E0B39}.Release|x86.Build.0 = Release|Any CPU
	EndGlobalSection
	GlobalSection(SolutionProperties) = preSolution
		HideSolutionNode = FALSE
	EndGlobalSection
	GlobalSection(NestedProjects) = preSolution
		{DFF8B068-52AC-4C2E-859B-ACFA8A29DC1B} = {827E0CD3-B72D-47B6-A68D-7590B98EB39B}
		{6860637E-596C-4034-BC95-7AB490470CAD} = {827E0CD3-B72D-47B6-A68D-7590B98EB39B}
		{28A3C5B3-9E82-4551-B3DE-3F196B20A752} = {827E0CD3-B72D-47B6-A68D-7590B98EB39B}
		{006EA6D9-3B1F-44CA-844D-DE7ECDEAA495} = {827E0CD3-B72D-47B6-A68D-7590B98EB39B}
		{AFA02D99-CC99-4C26-91CD-D2FF55EE678D} = {0C88DD14-F956-CE84-757C-A364CCF449FC}
		{8D4DDC3C-BA10-4FF8-997C-7CA60B9D4AA1} = {0C88DD14-F956-CE84-757C-A364CCF449FC}
		{AA796999-5FCC-4728-847F-7E07FB983E76} = {0C88DD14-F956-CE84-757C-A364CCF449FC}
		{633544F1-53D7-4D61-922B-FC702678D8D6} = {0C88DD14-F956-CE84-757C-A364CCF449FC}
		{381CE951-EE80-430C-8397-8372EF0F20D6} = {0C88DD14-F956-CE84-757C-A364CCF449FC}
		{59C3D301-54F4-4732-B84C-7FEED135050C} = {0C88DD14-F956-CE84-757C-A364CCF449FC}
		{6A35BDBC-5B09-49C8-B15E-7242423E0B39} = {0C88DD14-F956-CE84-757C-A364CCF449FC}
	EndGlobalSection
EndGlobal
